// !$*UTF8*$!
{
	archiveVersion = 1;
	classes = {
	};
	objectVersion = 60;
	objects = {

/* Begin PBXBuildFile section */
		5C20BCF02C46ED3A00612E1E /* PharaohsSecretsApp.swift in Sources */ = {isa = PBXBuildFile; fileRef = 5C20BCEF2C46ED3A00612E1E /* PharaohsSecretsApp.swift */; };
		5C20BCF22C46ED3A00612E1E /* ContentView.swift in Sources */ = {isa = PBXBuildFile; fileRef = 5C20BCF12C46ED3A00612E1E /* ContentView.swift */; };
		5C20BCF42C46ED3B00612E1E /* Assets.xcassets in Resources */ = {isa = PBXBuildFile; fileRef = 5C20BCF32C46ED3B00612E1E /* Assets.xcassets */; };
		5C20BCF72C46ED3B00612E1E /* Preview Assets.xcassets in Resources */ = {isa = PBXBuildFile; fileRef = 5C20BCF62C46ED3B00612E1E /* Preview Assets.xcassets */; };
		5C20BCFE2C46F2E100612E1E /* ⚙️Loading.swift in Sources */ = {isa = PBXBuildFile; fileRef = 5C20BCFD2C46F2E100612E1E /* ⚙️Loading.swift */; };
		5C20BD002C4715B400612E1E /* 🎲Menu.swift in Sources */ = {isa = PBXBuildFile; fileRef = 5C20BCFF2C4715B400612E1E /* 🎲Menu.swift */; };
		5C20BD022C471BF400612E1E /* ↺Coordinator.swift in Sources */ = {isa = PBXBuildFile; fileRef = 5C20BD012C471BF400612E1E /* ↺Coordinator.swift */; };
		5C20BD042C47C78A00612E1E /* 📰Histories.swift in Sources */ = {isa = PBXBuildFile; fileRef = 5C20BD032C47C78A00612E1E /* 📰Histories.swift */; };
		5C20BD062C47CD7500612E1E /* 🧩Fonts.swift in Sources */ = {isa = PBXBuildFile; fileRef = 5C20BD052C47CD7500612E1E /* 🧩Fonts.swift */; };
		5CD2E4842C4EB3DA002E26B5 /* 🏆History.swift in Sources */ = {isa = PBXBuildFile; fileRef = 5CD2E4832C4EB3DA002E26B5 /* 🏆History.swift */; };
		5CD2E4862C4EB8EB002E26B5 /* ☠️History.swift in Sources */ = {isa = PBXBuildFile; fileRef = 5CD2E4852C4EB8EB002E26B5 /* ☠️History.swift */; };
		5CD2E4882C4EBFDB002E26B5 /* AlumniSans-Medium.otf in Resources */ = {isa = PBXBuildFile; fileRef = 5CD2E4872C4EBFDB002E26B5 /* AlumniSans-Medium.otf */; };
		5CD2E48F2C4EC8D1002E26B5 /* ❌TryAgain.swift in Sources */ = {isa = PBXBuildFile; fileRef = 5CD2E48E2C4EC8D1002E26B5 /* ❌TryAgain.swift */; };
		5CD2E4912C4ECB64002E26B5 /* LeagueGothic-Regular.otf in Resources */ = {isa = PBXBuildFile; fileRef = 5CD2E4902C4ECB64002E26B5 /* LeagueGothic-Regular.otf */; };
		5CD2E4932C4ECE30002E26B5 /* 🌈Gradients.swift in Sources */ = {isa = PBXBuildFile; fileRef = 5CD2E4922C4ECE30002E26B5 /* 🌈Gradients.swift */; };
		5CD2E4952C4ED628002E26B5 /* 🥇YouWin.swift in Sources */ = {isa = PBXBuildFile; fileRef = 5CD2E4942C4ED628002E26B5 /* 🥇YouWin.swift */; };
		5CD2E4972C4EF699002E26B5 /* 👑Treasury.swift in Sources */ = {isa = PBXBuildFile; fileRef = 5CD2E4962C4EF699002E26B5 /* 👑Treasury.swift */; };
		5CDC5D0F2C47F810000C31BB /* Cabin-Bold.otf in Resources */ = {isa = PBXBuildFile; fileRef = 5CDC5D0E2C47F810000C31BB /* Cabin-Bold.otf */; };
		5CDC5D132C48072C000C31BB /* 💍Adventure.swift in Sources */ = {isa = PBXBuildFile; fileRef = 5CDC5D122C48072C000C31BB /* 💍Adventure.swift */; };
		5CDC5D152C480828000C31BB /* Cabin-Medium.otf in Resources */ = {isa = PBXBuildFile; fileRef = 5CDC5D142C480828000C31BB /* Cabin-Medium.otf */; };
		5CDC5D172C486A22000C31BB /* ⏸️Pause.swift in Sources */ = {isa = PBXBuildFile; fileRef = 5CDC5D162C486A22000C31BB /* ⏸️Pause.swift */; };
		5CDC5D192C487184000C31BB /* 🧩FullScreenBackground.swift in Sources */ = {isa = PBXBuildFile; fileRef = 5CDC5D182C487184000C31BB /* 🧩FullScreenBackground.swift */; };
		5CDCCC5B2C502C300054344E /* 🔁NotDiscovered.swift in Sources */ = {isa = PBXBuildFile; fileRef = 5CDCCC5A2C502C300054344E /* 🔁NotDiscovered.swift */; };
		5CDCCC5F2C5046F40054344E /* 🎮Game.swift in Sources */ = {isa = PBXBuildFile; fileRef = 5CDCCC5E2C5046F40054344E /* 🎮Game.swift */; };
/* End PBXBuildFile section */

/* Begin PBXFileReference section */
		5C20BCEC2C46ED3A00612E1E /* PharaohsSecrets.app */ = {isa = PBXFileReference; explicitFileType = wrapper.application; includeInIndex = 0; path = PharaohsSecrets.app; sourceTree = BUILT_PRODUCTS_DIR; };
		5C20BCEF2C46ED3A00612E1E /* PharaohsSecretsApp.swift */ = {isa = PBXFileReference; lastKnownFileType = sourcecode.swift; path = PharaohsSecretsApp.swift; sourceTree = "<group>"; };
		5C20BCF12C46ED3A00612E1E /* ContentView.swift */ = {isa = PBXFileReference; lastKnownFileType = sourcecode.swift; path = ContentView.swift; sourceTree = "<group>"; };
		5C20BCF32C46ED3B00612E1E /* Assets.xcassets */ = {isa = PBXFileReference; lastKnownFileType = folder.assetcatalog; path = Assets.xcassets; sourceTree = "<group>"; };
		5C20BCF62C46ED3B00612E1E /* Preview Assets.xcassets */ = {isa = PBXFileReference; lastKnownFileType = folder.assetcatalog; path = "Preview Assets.xcassets"; sourceTree = "<group>"; };
		5C20BCFD2C46F2E100612E1E /* ⚙️Loading.swift */ = {isa = PBXFileReference; lastKnownFileType = sourcecode.swift; path = "⚙️Loading.swift"; sourceTree = "<group>"; };
		5C20BCFF2C4715B400612E1E /* 🎲Menu.swift */ = {isa = PBXFileReference; lastKnownFileType = sourcecode.swift; path = "🎲Menu.swift"; sourceTree = "<group>"; };
		5C20BD012C471BF400612E1E /* ↺Coordinator.swift */ = {isa = PBXFileReference; lastKnownFileType = sourcecode.swift; path = "↺Coordinator.swift"; sourceTree = "<group>"; };
		5C20BD032C47C78A00612E1E /* 📰Histories.swift */ = {isa = PBXFileReference; lastKnownFileType = sourcecode.swift; path = "📰Histories.swift"; sourceTree = "<group>"; };
		5C20BD052C47CD7500612E1E /* 🧩Fonts.swift */ = {isa = PBXFileReference; lastKnownFileType = sourcecode.swift; path = "🧩Fonts.swift"; sourceTree = "<group>"; };
		5CD2E4832C4EB3DA002E26B5 /* 🏆History.swift */ = {isa = PBXFileReference; lastKnownFileType = sourcecode.swift; path = "🏆History.swift"; sourceTree = "<group>"; };
		5CD2E4852C4EB8EB002E26B5 /* ☠️History.swift */ = {isa = PBXFileReference; lastKnownFileType = sourcecode.swift; path = "☠️History.swift"; sourceTree = "<group>"; };
		5CD2E4872C4EBFDB002E26B5 /* AlumniSans-Medium.otf */ = {isa = PBXFileReference; lastKnownFileType = file; path = "AlumniSans-Medium.otf"; sourceTree = "<group>"; };
		5CD2E48E2C4EC8D1002E26B5 /* ❌TryAgain.swift */ = {isa = PBXFileReference; lastKnownFileType = sourcecode.swift; path = "❌TryAgain.swift"; sourceTree = "<group>"; };
		5CD2E4902C4ECB64002E26B5 /* LeagueGothic-Regular.otf */ = {isa = PBXFileReference; lastKnownFileType = file; path = "LeagueGothic-Regular.otf"; sourceTree = "<group>"; };
		5CD2E4922C4ECE30002E26B5 /* 🌈Gradients.swift */ = {isa = PBXFileReference; lastKnownFileType = sourcecode.swift; path = "🌈Gradients.swift"; sourceTree = "<group>"; };
		5CD2E4942C4ED628002E26B5 /* 🥇YouWin.swift */ = {isa = PBXFileReference; lastKnownFileType = sourcecode.swift; path = "🥇YouWin.swift"; sourceTree = "<group>"; };
		5CD2E4962C4EF699002E26B5 /* 👑Treasury.swift */ = {isa = PBXFileReference; lastKnownFileType = sourcecode.swift; path = "👑Treasury.swift"; sourceTree = "<group>"; };
		5CDC5D0E2C47F810000C31BB /* Cabin-Bold.otf */ = {isa = PBXFileReference; lastKnownFileType = file; path = "Cabin-Bold.otf"; sourceTree = "<group>"; };
		5CDC5D102C47F866000C31BB /* Info.plist */ = {isa = PBXFileReference; lastKnownFileType = text.plist.xml; name = Info.plist; path = PharaohsSecrets/Info.plist; sourceTree = SOURCE_ROOT; };
		5CDC5D122C48072C000C31BB /* 💍Adventure.swift */ = {isa = PBXFileReference; lastKnownFileType = sourcecode.swift; path = "💍Adventure.swift"; sourceTree = "<group>"; };
		5CDC5D142C480828000C31BB /* Cabin-Medium.otf */ = {isa = PBXFileReference; lastKnownFileType = file; path = "Cabin-Medium.otf"; sourceTree = "<group>"; };
		5CDC5D162C486A22000C31BB /* ⏸️Pause.swift */ = {isa = PBXFileReference; lastKnownFileType = sourcecode.swift; path = "⏸️Pause.swift"; sourceTree = "<group>"; };
		5CDC5D182C487184000C31BB /* 🧩FullScreenBackground.swift */ = {isa = PBXFileReference; lastKnownFileType = sourcecode.swift; path = "🧩FullScreenBackground.swift"; sourceTree = "<group>"; };
		5CDCCC5A2C502C300054344E /* 🔁NotDiscovered.swift */ = {isa = PBXFileReference; lastKnownFileType = sourcecode.swift; path = "🔁NotDiscovered.swift"; sourceTree = "<group>"; };
		5CDCCC5E2C5046F40054344E /* 🎮Game.swift */ = {isa = PBXFileReference; lastKnownFileType = sourcecode.swift; path = "🎮Game.swift"; sourceTree = "<group>"; };
/* End PBXFileReference section */

/* Begin PBXFrameworksBuildPhase section */
		5C20BCE92C46ED3A00612E1E /* Frameworks */ = {
			isa = PBXFrameworksBuildPhase;
			buildActionMask = 2147483647;
			files = (
			);
			runOnlyForDeploymentPostprocessing = 0;
		};
/* End PBXFrameworksBuildPhase section */

/* Begin PBXGroup section */
		5C20BCE32C46ED3A00612E1E = {
			isa = PBXGroup;
			children = (
				5C20BCEE2C46ED3A00612E1E /* PharaohsSecrets */,
				5C20BCED2C46ED3A00612E1E /* Products */,
			);
			sourceTree = "<group>";
		};
		5C20BCED2C46ED3A00612E1E /* Products */ = {
			isa = PBXGroup;
			children = (
				5C20BCEC2C46ED3A00612E1E /* PharaohsSecrets.app */,
			);
			name = Products;
			sourceTree = "<group>";
		};
		5C20BCEE2C46ED3A00612E1E /* PharaohsSecrets */ = {
			isa = PBXGroup;
			children = (
				5CDC5D102C47F866000C31BB /* Info.plist */,
				5C20BCEF2C46ED3A00612E1E /* PharaohsSecretsApp.swift */,
				5C20BCF12C46ED3A00612E1E /* ContentView.swift */,
				5C20BCFF2C4715B400612E1E /* 🎲Menu.swift */,
				5C20BD012C471BF400612E1E /* ↺Coordinator.swift */,
				5C20BCFD2C46F2E100612E1E /* ⚙️Loading.swift */,
				5C20BD032C47C78A00612E1E /* 📰Histories.swift */,
				5CD2E4832C4EB3DA002E26B5 /* 🏆History.swift */,
				5CD2E4852C4EB8EB002E26B5 /* ☠️History.swift */,
				5CD2E48E2C4EC8D1002E26B5 /* ❌TryAgain.swift */,
				5CD2E4942C4ED628002E26B5 /* 🥇YouWin.swift */,
				5CD2E4962C4EF699002E26B5 /* 👑Treasury.swift */,
				5CDCCC5A2C502C300054344E /* 🔁NotDiscovered.swift */,
				5CDCCC5E2C5046F40054344E /* 🎮Game.swift */,
				5C20BD052C47CD7500612E1E /* 🧩Fonts.swift */,
				5CD2E4922C4ECE30002E26B5 /* 🌈Gradients.swift */,
				5CDC5D122C48072C000C31BB /* 💍Adventure.swift */,
				5CDC5D162C486A22000C31BB /* ⏸️Pause.swift */,
				5CDC5D182C487184000C31BB /* 🧩FullScreenBackground.swift */,
				5CDC5D0D2C47F7C7000C31BB /* Fonts */,
				5C20BCF32C46ED3B00612E1E /* Assets.xcassets */,
				5C20BCF52C46ED3B00612E1E /* Preview Content */,
			);
			path = PharaohsSecrets;
			sourceTree = "<group>";
		};
		5C20BCF52C46ED3B00612E1E /* Preview Content */ = {
			isa = PBXGroup;
			children = (
				5C20BCF62C46ED3B00612E1E /* Preview Assets.xcassets */,
			);
			path = "Preview Content";
			sourceTree = "<group>";
		};
		5CD2E4892C4EBFE2002E26B5 /* Cabin */ = {
			isa = PBXGroup;
			children = (
				5CDC5D0E2C47F810000C31BB /* Cabin-Bold.otf */,
				5CDC5D142C480828000C31BB /* Cabin-Medium.otf */,
			);
			path = Cabin;
			sourceTree = "<group>";
		};
		5CD2E48A2C4EBFED002E26B5 /* AlumniSans */ = {
			isa = PBXGroup;
			children = (
				5CD2E4872C4EBFDB002E26B5 /* AlumniSans-Medium.otf */,
			);
			path = AlumniSans;
			sourceTree = "<group>";
		};
		5CD2E48B2C4EC769002E26B5 /* LeagueGothic */ = {
			isa = PBXGroup;
			children = (
				5CD2E4902C4ECB64002E26B5 /* LeagueGothic-Regular.otf */,
			);
			path = LeagueGothic;
			sourceTree = "<group>";
		};
		5CDC5D0D2C47F7C7000C31BB /* Fonts */ = {
			isa = PBXGroup;
			children = (
				5CD2E48B2C4EC769002E26B5 /* LeagueGothic */,
				5CD2E48A2C4EBFED002E26B5 /* AlumniSans */,
				5CD2E4892C4EBFE2002E26B5 /* Cabin */,
			);
			path = Fonts;
			sourceTree = "<group>";
		};
/* End PBXGroup section */

/* Begin PBXNativeTarget section */
		5C20BCEB2C46ED3A00612E1E /* PharaohsSecrets */ = {
			isa = PBXNativeTarget;
			buildConfigurationList = 5C20BCFA2C46ED3B00612E1E /* Build configuration list for PBXNativeTarget "PharaohsSecrets" */;
			buildPhases = (
				5C20BCE82C46ED3A00612E1E /* Sources */,
				5C20BCE92C46ED3A00612E1E /* Frameworks */,
				5C20BCEA2C46ED3A00612E1E /* Resources */,
			);
			buildRules = (
			);
			dependencies = (
			);
			name = PharaohsSecrets;
			productName = PharaohsSecrets;
			productReference = 5C20BCEC2C46ED3A00612E1E /* PharaohsSecrets.app */;
			productType = "com.apple.product-type.application";
		};
/* End PBXNativeTarget section */

/* Begin PBXProject section */
		5C20BCE42C46ED3A00612E1E /* Project object */ = {
			isa = PBXProject;
			attributes = {
				BuildIndependentTargetsInParallel = 1;
				LastSwiftUpdateCheck = 1600;
				LastUpgradeCheck = 1600;
				TargetAttributes = {
					5C20BCEB2C46ED3A00612E1E = {
						CreatedOnToolsVersion = 16.0;
					};
				};
			};
			buildConfigurationList = 5C20BCE72C46ED3A00612E1E /* Build configuration list for PBXProject "PharaohsSecrets" */;
			compatibilityVersion = "Xcode 15.0";
			developmentRegion = en;
			hasScannedForEncodings = 0;
			knownRegions = (
				en,
				Base,
			);
			mainGroup = 5C20BCE32C46ED3A00612E1E;
			productRefGroup = 5C20BCED2C46ED3A00612E1E /* Products */;
			projectDirPath = "";
			projectRoot = "";
			targets = (
				5C20BCEB2C46ED3A00612E1E /* PharaohsSecrets */,
			);
		};
/* End PBXProject section */

/* Begin PBXResourcesBuildPhase section */
		5C20BCEA2C46ED3A00612E1E /* Resources */ = {
			isa = PBXResourcesBuildPhase;
			buildActionMask = 2147483647;
			files = (
				5CDC5D0F2C47F810000C31BB /* Cabin-Bold.otf in Resources */,
				5CD2E4882C4EBFDB002E26B5 /* AlumniSans-Medium.otf in Resources */,
				5C20BCF72C46ED3B00612E1E /* Preview Assets.xcassets in Resources */,
				5CDC5D152C480828000C31BB /* Cabin-Medium.otf in Resources */,
				5C20BCF42C46ED3B00612E1E /* Assets.xcassets in Resources */,
				5CD2E4912C4ECB64002E26B5 /* LeagueGothic-Regular.otf in Resources */,
			);
			runOnlyForDeploymentPostprocessing = 0;
		};
/* End PBXResourcesBuildPhase section */

/* Begin PBXSourcesBuildPhase section */
		5C20BCE82C46ED3A00612E1E /* Sources */ = {
			isa = PBXSourcesBuildPhase;
			buildActionMask = 2147483647;
			files = (
				5C20BCF22C46ED3A00612E1E /* ContentView.swift in Sources */,
				5CDCCC5F2C5046F40054344E /* 🎮Game.swift in Sources */,
				5C20BD062C47CD7500612E1E /* 🧩Fonts.swift in Sources */,
				5C20BCFE2C46F2E100612E1E /* ⚙️Loading.swift in Sources */,
				5C20BD042C47C78A00612E1E /* 📰Histories.swift in Sources */,
				5CDC5D132C48072C000C31BB /* 💍Adventure.swift in Sources */,
				5C20BD002C4715B400612E1E /* 🎲Menu.swift in Sources */,
				5CD2E48F2C4EC8D1002E26B5 /* ❌TryAgain.swift in Sources */,
				5C20BCF02C46ED3A00612E1E /* PharaohsSecretsApp.swift in Sources */,
				5CD2E4972C4EF699002E26B5 /* 👑Treasury.swift in Sources */,
				5CD2E4862C4EB8EB002E26B5 /* ☠️History.swift in Sources */,
				5C20BD022C471BF400612E1E /* ↺Coordinator.swift in Sources */,
				5CDC5D192C487184000C31BB /* 🧩FullScreenBackground.swift in Sources */,
				5CDC5D172C486A22000C31BB /* ⏸️Pause.swift in Sources */,
				5CD2E4952C4ED628002E26B5 /* 🥇YouWin.swift in Sources */,
				5CDCCC5B2C502C300054344E /* 🔁NotDiscovered.swift in Sources */,
				5CD2E4842C4EB3DA002E26B5 /* 🏆History.swift in Sources */,
				5CD2E4932C4ECE30002E26B5 /* 🌈Gradients.swift in Sources */,
			);
			runOnlyForDeploymentPostprocessing = 0;
		};
/* End PBXSourcesBuildPhase section */

/* Begin XCBuildConfiguration section */
		5C20BCF82C46ED3B00612E1E /* Debug */ = {
			isa = XCBuildConfiguration;
			buildSettings = {
				ALWAYS_SEARCH_USER_PATHS = NO;
				ASSETCATALOG_COMPILER_GENERATE_SWIFT_ASSET_SYMBOL_EXTENSIONS = YES;
				CLANG_ANALYZER_NONNULL = YES;
				CLANG_ANALYZER_NUMBER_OBJECT_CONVERSION = YES_AGGRESSIVE;
				CLANG_CXX_LANGUAGE_STANDARD = "gnu++20";
				CLANG_ENABLE_MODULES = YES;
				CLANG_ENABLE_OBJC_ARC = YES;
				CLANG_ENABLE_OBJC_WEAK = YES;
				CLANG_WARN_BLOCK_CAPTURE_AUTORELEASING = YES;
				CLANG_WARN_BOOL_CONVERSION = YES;
				CLANG_WARN_COMMA = YES;
				CLANG_WARN_CONSTANT_CONVERSION = YES;
				CLANG_WARN_DEPRECATED_OBJC_IMPLEMENTATIONS = YES;
				CLANG_WARN_DIRECT_OBJC_ISA_USAGE = YES_ERROR;
				CLANG_WARN_DOCUMENTATION_COMMENTS = YES;
				CLANG_WARN_EMPTY_BODY = YES;
				CLANG_WARN_ENUM_CONVERSION = YES;
				CLANG_WARN_INFINITE_RECURSION = YES;
				CLANG_WARN_INT_CONVERSION = YES;
				CLANG_WARN_NON_LITERAL_NULL_CONVERSION = YES;
				CLANG_WARN_OBJC_IMPLICIT_RETAIN_SELF = YES;
				CLANG_WARN_OBJC_LITERAL_CONVERSION = YES;
				CLANG_WARN_OBJC_ROOT_CLASS = YES_ERROR;
				CLANG_WARN_QUOTED_INCLUDE_IN_FRAMEWORK_HEADER = YES;
				CLANG_WARN_RANGE_LOOP_ANALYSIS = YES;
				CLANG_WARN_STRICT_PROTOTYPES = YES;
				CLANG_WARN_SUSPICIOUS_MOVE = YES;
				CLANG_WARN_UNGUARDED_AVAILABILITY = YES_AGGRESSIVE;
				CLANG_WARN_UNREACHABLE_CODE = YES;
				CLANG_WARN__DUPLICATE_METHOD_MATCH = YES;
				COPY_PHASE_STRIP = NO;
				DEBUG_INFORMATION_FORMAT = dwarf;
				ENABLE_STRICT_OBJC_MSGSEND = YES;
				ENABLE_TESTABILITY = YES;
				ENABLE_USER_SCRIPT_SANDBOXING = YES;
				GCC_C_LANGUAGE_STANDARD = gnu17;
				GCC_DYNAMIC_NO_PIC = NO;
				GCC_NO_COMMON_BLOCKS = YES;
				GCC_OPTIMIZATION_LEVEL = 0;
				GCC_PREPROCESSOR_DEFINITIONS = (
					"DEBUG=1",
					"$(inherited)",
				);
				GCC_WARN_64_TO_32_BIT_CONVERSION = YES;
				GCC_WARN_ABOUT_RETURN_TYPE = YES_ERROR;
				GCC_WARN_UNDECLARED_SELECTOR = YES;
				GCC_WARN_UNINITIALIZED_AUTOS = YES_AGGRESSIVE;
				GCC_WARN_UNUSED_FUNCTION = YES;
				GCC_WARN_UNUSED_VARIABLE = YES;
				IPHONEOS_DEPLOYMENT_TARGET = 18.0;
				LOCALIZATION_PREFERS_STRING_CATALOGS = YES;
				MTL_ENABLE_DEBUG_INFO = INCLUDE_SOURCE;
				MTL_FAST_MATH = YES;
				ONLY_ACTIVE_ARCH = YES;
				SDKROOT = iphoneos;
				SWIFT_ACTIVE_COMPILATION_CONDITIONS = "DEBUG $(inherited)";
				SWIFT_OPTIMIZATION_LEVEL = "-Onone";
			};
			name = Debug;
		};
		5C20BCF92C46ED3B00612E1E /* Release */ = {
			isa = XCBuildConfiguration;
			buildSettings = {
				ALWAYS_SEARCH_USER_PATHS = NO;
				ASSETCATALOG_COMPILER_GENERATE_SWIFT_ASSET_SYMBOL_EXTENSIONS = YES;
				CLANG_ANALYZER_NONNULL = YES;
				CLANG_ANALYZER_NUMBER_OBJECT_CONVERSION = YES_AGGRESSIVE;
				CLANG_CXX_LANGUAGE_STANDARD = "gnu++20";
				CLANG_ENABLE_MODULES = YES;
				CLANG_ENABLE_OBJC_ARC = YES;
				CLANG_ENABLE_OBJC_WEAK = YES;
				CLANG_WARN_BLOCK_CAPTURE_AUTORELEASING = YES;
				CLANG_WARN_BOOL_CONVERSION = YES;
				CLANG_WARN_COMMA = YES;
				CLANG_WARN_CONSTANT_CONVERSION = YES;
				CLANG_WARN_DEPRECATED_OBJC_IMPLEMENTATIONS = YES;
				CLANG_WARN_DIRECT_OBJC_ISA_USAGE = YES_ERROR;
				CLANG_WARN_DOCUMENTATION_COMMENTS = YES;
				CLANG_WARN_EMPTY_BODY = YES;
				CLANG_WARN_ENUM_CONVERSION = YES;
				CLANG_WARN_INFINITE_RECURSION = YES;
				CLANG_WARN_INT_CONVERSION = YES;
				CLANG_WARN_NON_LITERAL_NULL_CONVERSION = YES;
				CLANG_WARN_OBJC_IMPLICIT_RETAIN_SELF = YES;
				CLANG_WARN_OBJC_LITERAL_CONVERSION = YES;
				CLANG_WARN_OBJC_ROOT_CLASS = YES_ERROR;
				CLANG_WARN_QUOTED_INCLUDE_IN_FRAMEWORK_HEADER = YES;
				CLANG_WARN_RANGE_LOOP_ANALYSIS = YES;
				CLANG_WARN_STRICT_PROTOTYPES = YES;
				CLANG_WARN_SUSPICIOUS_MOVE = YES;
				CLANG_WARN_UNGUARDED_AVAILABILITY = YES_AGGRESSIVE;
				CLANG_WARN_UNREACHABLE_CODE = YES;
				CLANG_WARN__DUPLICATE_METHOD_MATCH = YES;
				COPY_PHASE_STRIP = NO;
				DEBUG_INFORMATION_FORMAT = "dwarf-with-dsym";
				ENABLE_NS_ASSERTIONS = NO;
				ENABLE_STRICT_OBJC_MSGSEND = YES;
				ENABLE_USER_SCRIPT_SANDBOXING = YES;
				GCC_C_LANGUAGE_STANDARD = gnu17;
				GCC_NO_COMMON_BLOCKS = YES;
				GCC_WARN_64_TO_32_BIT_CONVERSION = YES;
				GCC_WARN_ABOUT_RETURN_TYPE = YES_ERROR;
				GCC_WARN_UNDECLARED_SELECTOR = YES;
				GCC_WARN_UNINITIALIZED_AUTOS = YES_AGGRESSIVE;
				GCC_WARN_UNUSED_FUNCTION = YES;
				GCC_WARN_UNUSED_VARIABLE = YES;
				IPHONEOS_DEPLOYMENT_TARGET = 18.0;
				LOCALIZATION_PREFERS_STRING_CATALOGS = YES;
				MTL_ENABLE_DEBUG_INFO = NO;
				MTL_FAST_MATH = YES;
				SDKROOT = iphoneos;
				SWIFT_COMPILATION_MODE = wholemodule;
				VALIDATE_PRODUCT = YES;
			};
			name = Release;
		};
		5C20BCFB2C46ED3B00612E1E /* Debug */ = {
			isa = XCBuildConfiguration;
			buildSettings = {
				ASSETCATALOG_COMPILER_APPICON_NAME = AppIcon;
				ASSETCATALOG_COMPILER_GLOBAL_ACCENT_COLOR_NAME = AccentColor;
				CODE_SIGN_STYLE = Automatic;
				CURRENT_PROJECT_VERSION = 1;
				DEVELOPMENT_ASSET_PATHS = "\"PharaohsSecrets/Preview Content\"";
				DEVELOPMENT_TEAM = N9NN3CSS37;
				ENABLE_PREVIEWS = YES;
				GENERATE_INFOPLIST_FILE = YES;
				INFOPLIST_FILE = PharaohsSecrets/Info.plist;
				INFOPLIST_KEY_UIApplicationSceneManifest_Generation = YES;
				INFOPLIST_KEY_UIApplicationSupportsIndirectInputEvents = YES;
				INFOPLIST_KEY_UILaunchScreen_Generation = YES;
				INFOPLIST_KEY_UISupportedInterfaceOrientations = "UIInterfaceOrientationLandscapeLeft UIInterfaceOrientationLandscapeRight";
				INFOPLIST_KEY_UISupportedInterfaceOrientations_iPad = "UIInterfaceOrientationLandscapeLeft UIInterfaceOrientationLandscapeRight UIInterfaceOrientationPortrait UIInterfaceOrientationPortraitUpsideDown";
				IPHONEOS_DEPLOYMENT_TARGET = 17.0;
				LD_RUNPATH_SEARCH_PATHS = (
					"$(inherited)",
					"@executable_path/Frameworks",
				);
				MARKETING_VERSION = 1.0;
				PRODUCT_BUNDLE_IDENTIFIER = janiecee.PharaohsSecrets;
				PRODUCT_NAME = "$(TARGET_NAME)";
				SUPPORTED_PLATFORMS = "iphoneos iphonesimulator";
				SUPPORTS_MACCATALYST = NO;
				SWIFT_EMIT_LOC_STRINGS = YES;
				SWIFT_VERSION = 5.0;
				TARGETED_DEVICE_FAMILY = 1;
			};
			name = Debug;
		};
		5C20BCFC2C46ED3B00612E1E /* Release */ = {
			isa = XCBuildConfiguration;
			buildSettings = {
				ASSETCATALOG_COMPILER_APPICON_NAME = AppIcon;
				ASSETCATALOG_COMPILER_GLOBAL_ACCENT_COLOR_NAME = AccentColor;
				CODE_SIGN_STYLE = Automatic;
				CURRENT_PROJECT_VERSION = 1;
				DEVELOPMENT_ASSET_PATHS = "\"PharaohsSecrets/Preview Content\"";
				DEVELOPMENT_TEAM = N9NN3CSS37;
				ENABLE_PREVIEWS = YES;
				GENERATE_INFOPLIST_FILE = YES;
				INFOPLIST_FILE = PharaohsSecrets/Info.plist;
				INFOPLIST_KEY_UIApplicationSceneManifest_Generation = YES;
				INFOPLIST_KEY_UIApplicationSupportsIndirectInputEvents = YES;
				INFOPLIST_KEY_UILaunchScreen_Generation = YES;
				INFOPLIST_KEY_UISupportedInterfaceOrientations = "UIInterfaceOrientationLandscapeLeft UIInterfaceOrientationLandscapeRight";
				INFOPLIST_KEY_UISupportedInterfaceOrientations_iPad = "UIInterfaceOrientationLandscapeLeft UIInterfaceOrientationLandscapeRight UIInterfaceOrientationPortrait UIInterfaceOrientationPortraitUpsideDown";
				IPHONEOS_DEPLOYMENT_TARGET = 17.0;
				LD_RUNPATH_SEARCH_PATHS = (
					"$(inherited)",
					"@executable_path/Frameworks",
				);
				MARKETING_VERSION = 1.0;
				PRODUCT_BUNDLE_IDENTIFIER = janiecee.PharaohsSecrets;
				PRODUCT_NAME = "$(TARGET_NAME)";
				SUPPORTED_PLATFORMS = "iphoneos iphonesimulator";
				SUPPORTS_MACCATALYST = NO;
				SWIFT_EMIT_LOC_STRINGS = YES;
				SWIFT_VERSION = 5.0;
				TARGETED_DEVICE_FAMILY = 1;
			};
			name = Release;
		};
/* End XCBuildConfiguration section */

/* Begin XCConfigurationList section */
		5C20BCE72C46ED3A00612E1E /* Build configuration list for PBXProject "PharaohsSecrets" */ = {
			isa = XCConfigurationList;
			buildConfigurations = (
				5C20BCF82C46ED3B00612E1E /* Debug */,
				5C20BCF92C46ED3B00612E1E /* Release */,
			);
			defaultConfigurationIsVisible = 0;
			defaultConfigurationName = Release;
		};
		5C20BCFA2C46ED3B00612E1E /* Build configuration list for PBXNativeTarget "PharaohsSecrets" */ = {
			isa = XCConfigurationList;
			buildConfigurations = (
				5C20BCFB2C46ED3B00612E1E /* Debug */,
				5C20BCFC2C46ED3B00612E1E /* Release */,
			);
			defaultConfigurationIsVisible = 0;
			defaultConfigurationName = Release;
		};
/* End XCConfigurationList section */
	};
	rootObject = 5C20BCE42C46ED3A00612E1E /* Project object */;
}
